{
  "requires": true,
  "lockfileVersion": 1,
  "dependencies": {
    "math": {
      "version": "0.0.3",
      "resolved": "https://registry.npmjs.org/math/-/math-0.0.3.tgz",
      "integrity": "sha1-hbAg/VTOELJqvqv81+H0vbxGRw8="
    },
    "porter-stemmer": {
      "version": "0.9.1",
      "resolved": "https://registry.npmjs.org/porter-stemmer/-/porter-stemmer-0.9.1.tgz",
      "integrity": "sha1-oW7Oo6vkRySsiMFIACHqNrqiH5s="
    },
    "sum": {
      "version": "0.1.4",
      "resolved": "https://registry.npmjs.org/sum/-/sum-0.1.4.tgz",
      "integrity": "sha1-vn3bcaDV5zi4a/XCphs11a4WLH4=",
      "requires": {
        "porter-stemmer": "0.9.1",
        "underscore": "1.7.0",
        "underscore.string": "3.0.3"
      }
    },
    "underscore": {
      "version": "1.7.0",
      "resolved": "https://registry.npmjs.org/underscore/-/underscore-1.7.0.tgz",
      "integrity": "sha1-a7rwh3UA02vjTsqlhODbn+8DUgk="
    },
    "underscore.string": {
      "version": "3.0.3",
      "resolved": "https://registry.npmjs.org/underscore.string/-/underscore.string-3.0.3.tgz",
      "integrity": "sha1-Rhe4waJQz25QZPu7Nj0PqWzxRVI="
    }
  }
}
